
Microsoft Visual Studio Solution File, Format Version 12.00
# Visual Studio Version 17
VisualStudioVersion = 17.0.31903.59
MinimumVisualStudioVersion = 10.0.40219.1
Project("{2150E333-8FDC-42A3-9474-1A3956D46DE8}") = "src", "src", "{827E0CD3-B72D-47B6-A68D-7590B98EB39B}"
EndProject
Project("{2150E333-8FDC-42A3-9474-1A3956D46DE8}") = "Core", "Core", "{8D626EA8-CB54-BC41-363A-217881BEBA6E}"
EndProject
Project("{FAE04EC0-301F-11D3-BF4B-00C04F79EFBC}") = "ImageViewer.Domain", "src\Core\ImageViewer.Domain\ImageViewer.Domain.csproj", "{B7F96F26-330C-4ED8-9647-6C97A91CB798}"
EndProject
Project("{FAE04EC0-301F-11D3-BF4B-00C04F79EFBC}") = "ImageViewer.Application", "src\Core\ImageViewer.Application\ImageViewer.Application.csproj", "{858A093E-413B-41AB-9A7D-5DCE9474DC4A}"
EndProject
Project("{2150E333-8FDC-42A3-9474-1A3956D46DE8}") = "Infrastructure", "Infrastructure", "{9048EB7F-3875-A59E-E36B-5BD4C6F2A282}"
EndProject
Project("{FAE04EC0-301F-11D3-BF4B-00C04F79EFBC}") = "ImageViewer.Infrastructure", "src\Infrastructure\ImageViewer.Infrastructure\ImageViewer.Infrastructure.csproj", "{5843DA81-F3F6-4589-8BF5-E654DB3ACF20}"
EndProject
Project("{FAE04EC0-301F-11D3-BF4B-00C04F79EFBC}") = "ImageViewer.Contracts", "src\Core\ImageViewer.Contracts\ImageViewer.Contracts.csproj", "{BCC3B058-0B1F-4738-8AFA-0ABAB8DA238B}"
EndProject
Project("{2150E333-8FDC-42A3-9474-1A3956D46DE8}") = "Services", "Services", "{984BB9B3-3FA3-BE33-9484-CAC21695A33C}"
EndProject
Project("{FAE04EC0-301F-11D3-BF4B-00C04F79EFBC}") = "ImageViewer.AuthService", "src\Services\ImageViewer.AuthService\ImageViewer.AuthService.csproj", "{CFEE86B6-2FB6-4423-9A0D-391081EDE40F}"
EndProject
Project("{FAE04EC0-301F-11D3-BF4B-00C04F79EFBC}") = "ImageViewer.ImageService", "src\Services\ImageViewer.ImageService\ImageViewer.ImageService.csproj", "{7EF7977D-4D9F-451E-83CB-6B8C6F0BB06E}"
EndProject
Project("{FAE04EC0-301F-11D3-BF4B-00C04F79EFBC}") = "ImageViewer.ShareService", "src\Services\ImageViewer.ShareService\ImageViewer.ShareService.csproj", "{FC9FC1C4-1551-4BF0-88C5-A783426385AA}"
EndProject
Project("{FAE04EC0-301F-11D3-BF4B-00C04F79EFBC}") = "ImageViewer.NotificationService", "src\Services\ImageViewer.NotificationService\ImageViewer.NotificationService.csproj", "{7FA0FA0A-1F26-4498-ADE4-FADBE3F01494}"
EndProject
Project("{2150E333-8FDC-42A3-9474-1A3956D46DE8}") = "Gateways", "Gateways", "{CBE535C5-B51A-60E9-4D99-AC1BFAA908A1}"
EndProject
Project("{FAE04EC0-301F-11D3-BF4B-00C04F79EFBC}") = "ImageViewer.GatewayService", "src\Services\ImageViewer.GatewayService\ImageViewer.GatewayService.csproj", "{49D38E44-8712-4A9E-A1A0-B94427A5B4C0}"
EndProject
Project("{2150E333-8FDC-42A3-9474-1A3956D46DE8}") = "tests", "tests", "{0AB3BF05-4346-4AA6-1389-037BE0695223}"
EndProject
Project("{FAE04EC0-301F-11D3-BF4B-00C04F79EFBC}") = "ImageViewer.Tests", "tests\ImageViewer.Tests.csproj", "{A96A8650-3701-4FDF-8B36-33FA9A09AB45}"
EndProject
Global
	GlobalSection(SolutionConfigurationPlatforms) = preSolution
		Debug|Any CPU = Debug|Any CPU
		Debug|x64 = Debug|x64
		Debug|x86 = Debug|x86
		Release|Any CPU = Release|Any CPU
		Release|x64 = Release|x64
		Release|x86 = Release|x86
	EndGlobalSection
	GlobalSection(ProjectConfigurationPlatforms) = postSolution
		{B7F96F26-330C-4ED8-9647-6C97A91CB798}.Debug|Any CPU.ActiveCfg = Debug|Any CPU
		{B7F96F26-330C-4ED8-9647-6C97A91CB798}.Debug|Any CPU.Build.0 = Debug|Any CPU
		{B7F96F26-330C-4ED8-9647-6C97A91CB798}.Debug|x64.ActiveCfg = Debug|Any CPU
		{B7F96F26-330C-4ED8-9647-6C97A91CB798}.Debug|x64.Build.0 = Debug|Any CPU
		{B7F96F26-330C-4ED8-9647-6C97A91CB798}.Debug|x86.ActiveCfg = Debug|Any CPU
		{B7F96F26-330C-4ED8-9647-6C97A91CB798}.Debug|x86.Build.0 = Debug|Any CPU
		{B7F96F26-330C-4ED8-9647-6C97A91CB798}.Release|Any CPU.ActiveCfg = Release|Any CPU
		{B7F96F26-330C-4ED8-9647-6C97A91CB798}.Release|Any CPU.Build.0 = Release|Any CPU
		{B7F96F26-330C-4ED8-9647-6C97A91CB798}.Release|x64.ActiveCfg = Release|Any CPU
		{B7F96F26-330C-4ED8-9647-6C97A91CB798}.Release|x64.Build.0 = Release|Any CPU
		{B7F96F26-330C-4ED8-9647-6C97A91CB798}.Release|x86.ActiveCfg = Release|Any CPU
		{B7F96F26-330C-4ED8-9647-6C97A91CB798}.Release|x86.Build.0 = Release|Any CPU
		{858A093E-413B-41AB-9A7D-5DCE9474DC4A}.Debug|Any CPU.ActiveCfg = Debug|Any CPU
		{858A093E-413B-41AB-9A7D-5DCE9474DC4A}.Debug|Any CPU.Build.0 = Debug|Any CPU
		{858A093E-413B-41AB-9A7D-5DCE9474DC4A}.Debug|x64.ActiveCfg = Debug|Any CPU
		{858A093E-413B-41AB-9A7D-5DCE9474DC4A}.Debug|x64.Build.0 = Debug|Any CPU
		{858A093E-413B-41AB-9A7D-5DCE9474DC4A}.Debug|x86.ActiveCfg = Debug|Any CPU
		{858A093E-413B-41AB-9A7D-5DCE9474DC4A}.Debug|x86.Build.0 = Debug|Any CPU
		{858A093E-413B-41AB-9A7D-5DCE9474DC4A}.Release|Any CPU.ActiveCfg = Release|Any CPU
		{858A093E-413B-41AB-9A7D-5DCE9474DC4A}.Release|Any CPU.Build.0 = Release|Any CPU
		{858A093E-413B-41AB-9A7D-5DCE9474DC4A}.Release|x64.ActiveCfg = Release|Any CPU
		{858A093E-413B-41AB-9A7D-5DCE9474DC4A}.Release|x64.Build.0 = Release|Any CPU
		{858A093E-413B-41AB-9A7D-5DCE9474DC4A}.Release|x86.ActiveCfg = Release|Any CPU
		{858A093E-413B-41AB-9A7D-5DCE9474DC4A}.Release|x86.Build.0 = Release|Any CPU
		{5843DA81-F3F6-4589-8BF5-E654DB3ACF20}.Debug|Any CPU.ActiveCfg = Debug|Any CPU
		{5843DA81-F3F6-4589-8BF5-E654DB3ACF20}.Debug|Any CPU.Build.0 = Debug|Any CPU
		{5843DA81-F3F6-4589-8BF5-E654DB3ACF20}.Debug|x64.ActiveCfg = Debug|Any CPU
		{5843DA81-F3F6-4589-8BF5-E654DB3ACF20}.Debug|x64.Build.0 = Debug|Any CPU
		{5843DA81-F3F6-4589-8BF5-E654DB3ACF20}.Debug|x86.ActiveCfg = Debug|Any CPU
		{5843DA81-F3F6-4589-8BF5-E654DB3ACF20}.Debug|x86.Build.0 = Debug|Any CPU
		{5843DA81-F3F6-4589-8BF5-E654DB3ACF20}.Release|Any CPU.ActiveCfg = Release|Any CPU
		{5843DA81-F3F6-4589-8BF5-E654DB3ACF20}.Release|Any CPU.Build.0 = Release|Any CPU
		{5843DA81-F3F6-4589-8BF5-E654DB3ACF20}.Release|x64.ActiveCfg = Release|Any CPU
		{5843DA81-F3F6-4589-8BF5-E654DB3ACF20}.Release|x64.Build.0 = Release|Any CPU
		{5843DA81-F3F6-4589-8BF5-E654DB3ACF20}.Release|x86.ActiveCfg = Release|Any CPU
		{5843DA81-F3F6-4589-8BF5-E654DB3ACF20}.Release|x86.Build.0 = Release|Any CPU
		{BCC3B058-0B1F-4738-8AFA-0ABAB8DA238B}.Debug|Any CPU.ActiveCfg = Debug|Any CPU
		{BCC3B058-0B1F-4738-8AFA-0ABAB8DA238B}.Debug|Any CPU.Build.0 = Debug|Any CPU
		{BCC3B058-0B1F-4738-8AFA-0ABAB8DA238B}.Debug|x64.ActiveCfg = Debug|Any CPU
		{BCC3B058-0B1F-4738-8AFA-0ABAB8DA238B}.Debug|x64.Build.0 = Debug|Any CPU
		{BCC3B058-0B1F-4738-8AFA-0ABAB8DA238B}.Debug|x86.ActiveCfg = Debug|Any CPU
		{BCC3B058-0B1F-4738-8AFA-0ABAB8DA238B}.Debug|x86.Build.0 = Debug|Any CPU
		{BCC3B058-0B1F-4738-8AFA-0ABAB8DA238B}.Release|Any CPU.ActiveCfg = Release|Any CPU
		{BCC3B058-0B1F-4738-8AFA-0ABAB8DA238B}.Release|Any CPU.Build.0 = Release|Any CPU
		{BCC3B058-0B1F-4738-8AFA-0ABAB8DA238B}.Release|x64.ActiveCfg = Release|Any CPU
		{BCC3B058-0B1F-4738-8AFA-0ABAB8DA238B}.Release|x64.Build.0 = Release|Any CPU
		{BCC3B058-0B1F-4738-8AFA-0ABAB8DA238B}.Release|x86.ActiveCfg = Release|Any CPU
		{BCC3B058-0B1F-4738-8AFA-0ABAB8DA238B}.Release|x86.Build.0 = Release|Any CPU
		{CFEE86B6-2FB6-4423-9A0D-391081EDE40F}.Debug|Any CPU.ActiveCfg = Debug|Any CPU
		{CFEE86B6-2FB6-4423-9A0D-391081EDE40F}.Debug|Any CPU.Build.0 = Debug|Any CPU
		{CFEE86B6-2FB6-4423-9A0D-391081EDE40F}.Debug|x64.ActiveCfg = Debug|Any CPU
		{CFEE86B6-2FB6-4423-9A0D-391081EDE40F}.Debug|x64.Build.0 = Debug|Any CPU
		{CFEE86B6-2FB6-4423-9A0D-391081EDE40F}.Debug|x86.ActiveCfg = Debug|Any CPU
		{CFEE86B6-2FB6-4423-9A0D-391081EDE40F}.Debug|x86.Build.0 = Debug|Any CPU
		{CFEE86B6-2FB6-4423-9A0D-391081EDE40F}.Release|Any CPU.ActiveCfg = Release|Any CPU
		{CFEE86B6-2FB6-4423-9A0D-391081EDE40F}.Release|Any CPU.Build.0 = Release|Any CPU
		{CFEE86B6-2FB6-4423-9A0D-391081EDE40F}.Release|x64.ActiveCfg = Release|Any CPU
		{CFEE86B6-2FB6-4423-9A0D-391081EDE40F}.Release|x64.Build.0 = Release|Any CPU
		{CFEE86B6-2FB6-4423-9A0D-391081EDE40F}.Release|x86.ActiveCfg = Release|Any CPU
		{CFEE86B6-2FB6-4423-9A0D-391081EDE40F}.Release|x86.Build.0 = Release|Any CPU
		{7EF7977D-4D9F-451E-83CB-6B8C6F0BB06E}.Debug|Any CPU.ActiveCfg = Debug|Any CPU
		{7EF7977D-4D9F-451E-83CB-6B8C6F0BB06E}.Debug|Any CPU.Build.0 = Debug|Any CPU
		{7EF7977D-4D9F-451E-83CB-6B8C6F0BB06E}.Debug|x64.ActiveCfg = Debug|Any CPU
		{7EF7977D-4D9F-451E-83CB-6B8C6F0BB06E}.Debug|x64.Build.0 = Debug|Any CPU
		{7EF7977D-4D9F-451E-83CB-6B8C6F0BB06E}.Debug|x86.ActiveCfg = Debug|Any CPU
		{7EF7977D-4D9F-451E-83CB-6B8C6F0BB06E}.Debug|x86.Build.0 = Debug|Any CPU
		{7EF7977D-4D9F-451E-83CB-6B8C6F0BB06E}.Release|Any CPU.ActiveCfg = Release|Any CPU
		{7EF7977D-4D9F-451E-83CB-6B8C6F0BB06E}.Release|Any CPU.Build.0 = Release|Any CPU
		{7EF7977D-4D9F-451E-83CB-6B8C6F0BB06E}.Release|x64.ActiveCfg = Release|Any CPU
		{7EF7977D-4D9F-451E-83CB-6B8C6F0BB06E}.Release|x64.Build.0 = Release|Any CPU
		{7EF7977D-4D9F-451E-83CB-6B8C6F0BB06E}.Release|x86.ActiveCfg = Release|Any CPU
		{7EF7977D-4D9F-451E-83CB-6B8C6F0BB06E}.Release|x86.Build.0 = Release|Any CPU
		{FC9FC1C4-1551-4BF0-88C5-A783426385AA}.Debug|Any CPU.ActiveCfg = Debug|Any CPU
		{FC9FC1C4-1551-4BF0-88C5-A783426385AA}.Debug|Any CPU.Build.0 = Debug|Any CPU
		{FC9FC1C4-1551-4BF0-88C5-A783426385AA}.Debug|x64.ActiveCfg = Debug|Any CPU
		{FC9FC1C4-1551-4BF0-88C5-A783426385AA}.Debug|x64.Build.0 = Debug|Any CPU
		{FC9FC1C4-1551-4BF0-88C5-A783426385AA}.Debug|x86.ActiveCfg = Debug|Any CPU
		{FC9FC1C4-1551-4BF0-88C5-A783426385AA}.Debug|x86.Build.0 = Debug|Any CPU
		{FC9FC1C4-1551-4BF0-88C5-A783426385AA}.Release|Any CPU.ActiveCfg = Release|Any CPU
		{FC9FC1C4-1551-4BF0-88C5-A783426385AA}.Release|Any CPU.Build.0 = Release|Any CPU
		{FC9FC1C4-1551-4BF0-88C5-A783426385AA}.Release|x64.ActiveCfg = Release|Any CPU
		{FC9FC1C4-1551-4BF0-88C5-A783426385AA}.Release|x64.Build.0 = Release|Any CPU
		{FC9FC1C4-1551-4BF0-88C5-A783426385AA}.Release|x86.ActiveCfg = Release|Any CPU
		{FC9FC1C4-1551-4BF0-88C5-A783426385AA}.Release|x86.Build.0 = Release|Any CPU
		{7FA0FA0A-1F26-4498-ADE4-FADBE3F01494}.Debug|Any CPU.ActiveCfg = Debug|Any CPU
		{7FA0FA0A-1F26-4498-ADE4-FADBE3F01494}.Debug|Any CPU.Build.0 = Debug|Any CPU
		{7FA0FA0A-1F26-4498-ADE4-FADBE3F01494}.Debug|x64.ActiveCfg = Debug|Any CPU
		{7FA0FA0A-1F26-4498-ADE4-FADBE3F01494}.Debug|x64.Build.0 = Debug|Any CPU
		{7FA0FA0A-1F26-4498-ADE4-FADBE3F01494}.Debug|x86.ActiveCfg = Debug|Any CPU
		{7FA0FA0A-1F26-4498-ADE4-FADBE3F01494}.Debug|x86.Build.0 = Debug|Any CPU
		{7FA0FA0A-1F26-4498-ADE4-FADBE3F01494}.Release|Any CPU.ActiveCfg = Release|Any CPU
		{7FA0FA0A-1F26-4498-ADE4-FADBE3F01494}.Release|Any CPU.Build.0 = Release|Any CPU
		{7FA0FA0A-1F26-4498-ADE4-FADBE3F01494}.Release|x64.ActiveCfg = Release|Any CPU
		{7FA0FA0A-1F26-4498-ADE4-FADBE3F01494}.Release|x64.Build.0 = Release|Any CPU
		{7FA0FA0A-1F26-4498-ADE4-FADBE3F01494}.Release|x86.ActiveCfg = Release|Any CPU
		{7FA0FA0A-1F26-4498-ADE4-FADBE3F01494}.Release|x86.Build.0 = Release|Any CPU
		{49D38E44-8712-4A9E-A1A0-B94427A5B4C0}.Debug|Any CPU.ActiveCfg = Debug|Any CPU
		{49D38E44-8712-4A9E-A1A0-B94427A5B4C0}.Debug|Any CPU.Build.0 = Debug|Any CPU
		{49D38E44-8712-4A9E-A1A0-B94427A5B4C0}.Debug|x64.ActiveCfg = Debug|Any CPU
		{49D38E44-8712-4A9E-A1A0-B94427A5B4C0}.Debug|x64.Build.0 = Debug|Any CPU
		{49D38E44-8712-4A9E-A1A0-B94427A5B4C0}.Debug|x86.ActiveCfg = Debug|Any CPU
		{49D38E44-8712-4A9E-A1A0-B94427A5B4C0}.Debug|x86.Build.0 = Debug|Any CPU
		{49D38E44-8712-4A9E-A1A0-B94427A5B4C0}.Release|Any CPU.ActiveCfg = Release|Any CPU
		{49D38E44-8712-4A9E-A1A0-B94427A5B4C0}.Release|Any CPU.Build.0 = Release|Any CPU
		{49D38E44-8712-4A9E-A1A0-B94427A5B4C0}.Release|x64.ActiveCfg = Release|Any CPU
		{49D38E44-8712-4A9E-A1A0-B94427A5B4C0}.Release|x64.Build.0 = Release|Any CPU
		{49D38E44-8712-4A9E-A1A0-B94427A5B4C0}.Release|x86.ActiveCfg = Release|Any CPU
		{49D38E44-8712-4A9E-A1A0-B94427A5B4C0}.Release|x86.Build.0 = Release|Any CPU
		{A96A8650-3701-4FDF-8B36-33FA9A09AB45}.Debug|Any CPU.ActiveCfg = Debug|Any CPU
		{A96A8650-3701-4FDF-8B36-33FA9A09AB45}.Debug|Any CPU.Build.0 = Debug|Any CPU
		{A96A8650-3701-4FDF-8B36-33FA9A09AB45}.Debug|x64.ActiveCfg = Debug|Any CPU
		{A96A8650-3701-4FDF-8B36-33FA9A09AB45}.Debug|x64.Build.0 = Debug|Any CPU
		{A96A8650-3701-4FDF-8B36-33FA9A09AB45}.Debug|x86.ActiveCfg = Debug|Any CPU
		{A96A8650-3701-4FDF-8B36-33FA9A09AB45}.Debug|x86.Build.0 = Debug|Any CPU
		{A96A8650-3701-4FDF-8B36-33FA9A09AB45}.Release|Any CPU.ActiveCfg = Release|Any CPU
		{A96A8650-3701-4FDF-8B36-33FA9A09AB45}.Release|Any CPU.Build.0 = Release|Any CPU
		{A96A8650-3701-4FDF-8B36-33FA9A09AB45}.Release|x64.ActiveCfg = Release|Any CPU
		{A96A8650-3701-4FDF-8B36-33FA9A09AB45}.Release|x64.Build.0 = Release|Any CPU
		{A96A8650-3701-4FDF-8B36-33FA9A09AB45}.Release|x86.ActiveCfg = Release|Any CPU
		{A96A8650-3701-4FDF-8B36-33FA9A09AB45}.Release|x86.Build.0 = Release|Any CPU
	EndGlobalSection
	GlobalSection(SolutionProperties) = preSolution
		HideSolutionNode = FALSE
	EndGlobalSection
	GlobalSection(NestedProjects) = preSolution
		{8D626EA8-CB54-BC41-363A-217881BEBA6E} = {827E0CD3-B72D-47B6-A68D-7590B98EB39B}
		{B7F96F26-330C-4ED8-9647-6C97A91CB798} = {8D626EA8-CB54-BC41-363A-217881BEBA6E}
		{858A093E-413B-41AB-9A7D-5DCE9474DC4A} = {8D626EA8-CB54-BC41-363A-217881BEBA6E}
		{9048EB7F-3875-A59E-E36B-5BD4C6F2A282} = {827E0CD3-B72D-47B6-A68D-7590B98EB39B}
		{5843DA81-F3F6-4589-8BF5-E654DB3ACF20} = {9048EB7F-3875-A59E-E36B-5BD4C6F2A282}
		{BCC3B058-0B1F-4738-8AFA-0ABAB8DA238B} = {8D626EA8-CB54-BC41-363A-217881BEBA6E}
		{984BB9B3-3FA3-BE33-9484-CAC21695A33C} = {827E0CD3-B72D-47B6-A68D-7590B98EB39B}
		{CFEE86B6-2FB6-4423-9A0D-391081EDE40F} = {984BB9B3-3FA3-BE33-9484-CAC21695A33C}
		{7EF7977D-4D9F-451E-83CB-6B8C6F0BB06E} = {984BB9B3-3FA3-BE33-9484-CAC21695A33C}
		{FC9FC1C4-1551-4BF0-88C5-A783426385AA} = {984BB9B3-3FA3-BE33-9484-CAC21695A33C}
		{7FA0FA0A-1F26-4498-ADE4-FADBE3F01494} = {984BB9B3-3FA3-BE33-9484-CAC21695A33C}
		{CBE535C5-B51A-60E9-4D99-AC1BFAA908A1} = {827E0CD3-B72D-47B6-A68D-7590B98EB39B}
		{49D38E44-8712-4A9E-A1A0-B94427A5B4C0} = {984BB9B3-3FA3-BE33-9484-CAC21695A33C}
		{A96A8650-3701-4FDF-8B36-33FA9A09AB45} = {0AB3BF05-4346-4AA6-1389-037BE0695223}
	EndGlobalSection
	GlobalSection(ExtensibilityGlobals) = postSolution
		SolutionGuid = {2F5B5006-0C53-40D2-8C15-86FAF24017FA}
	EndGlobalSection
EndGlobal
